
Microsoft Visual Studio Solution File, Format Version 12.00
# Visual Studio Version 16
VisualStudioVersion = 16.0.29306.81
MinimumVisualStudioVersion = 10.0.40219.1
Project("{8BC9CEB8-8B4A-11D0-8D11-00A0C91BC942}") = "Engine", "Engine\Engine.vcxproj", "{B829E074-48C5-41D9-A1FE-78327338177B}"
EndProject
Project("{8BC9CEB8-8B4A-11D0-8D11-00A0C91BC942}") = "Interface", "Interface\Interface.vcxproj", "{B27D3460-3C13-4E36-AAFD-A044C6323CC0}"
EndProject
Global
	GlobalSection(SolutionConfigurationPlatforms) = preSolution
		Debug|x64 = Debug|x64
		Debug|x86 = Debug|x86
		Release|x64 = Release|x64
		Release|x86 = Release|x86
	EndGlobalSection
	GlobalSection(ProjectConfigurationPlatforms) = postSolution
		{B829E074-48C5-41D9-A1FE-78327338177B}.Debug|x64.ActiveCfg = Debug|x64
		{B829E074-48C5-41D9-A1FE-78327338177B}.Debug|x64.Build.0 = Debug|x64
		{B829E074-48C5-41D9-A1FE-78327338177B}.Debug|x86.ActiveCfg = Debug|Win32
		{B829E074-48C5-41D9-A1FE-78327338177B}.Debug|x86.Build.0 = Debug|Win32
		{B829E074-48C5-41D9-A1FE-78327338177B}.Release|x64.ActiveCfg = Release|x64
		{B829E074-48C5-41D9-A1FE-78327338177B}.Release|x64.Build.0 = Release|x64
		{B829E074-48C5-41D9-A1FE-78327338177B}.Release|x86.ActiveCfg = Release|Win32
		{B829E074-48C5-41D9-A1FE-78327338177B}.Release|x86.Build.0 = Release|Win32
		{B27D3460-3C13-4E36-AAFD-A044C6323CC0}.Debug|x64.ActiveCfg = Debug|x64
		{B27D3460-3C13-4E36-AAFD-A044C6323CC0}.Debug|x64.Build.0 = Debug|x64
		{B27D3460-3C13-4E36-AAFD-A044C6323CC0}.Debug|x86.ActiveCfg = Debug|Win32
		{B27D3460-3C13-4E36-AAFD-A044C6323CC0}.Debug|x86.Build.0 = Debug|Win32
		{B27D3460-3C13-4E36-AAFD-A044C6323CC0}.Release|x64.ActiveCfg = Release|x64
		{B27D3460-3C13-4E36-AAFD-A044C6323CC0}.Release|x64.Build.0 = Release|x64
		{B27D3460-3C13-4E36-AAFD-A044C6323CC0}.Release|x86.ActiveCfg = Release|Win32
		{B27D3460-3C13-4E36-AAFD-A044C6323CC0}.Release|x86.Build.0 = Release|Win32
	EndGlobalSection
	GlobalSection(SolutionProperties) = preSolution
		HideSolutionNode = FALSE
	EndGlobalSection
	GlobalSection(ExtensibilityGlobals) = postSolution
		SolutionGuid = {B4F84174-8674-4294-BA72-4E6F945F0B9D}
	EndGlobalSection
EndGlobal
